
Microsoft Visual Studio Solution File, Format Version 12.00
# Visual Studio 15
VisualStudioVersion = 15.0.28307.168
MinimumVisualStudioVersion = 10.0.40219.1
Project("{8BC9CEB8-8B4A-11D0-8D11-00A0C91BC942}") = "BasicOpenGLShaders", "BasicOpenGLShaders.vcxproj", "{DF09077C-AE1F-4EFD-9C6F-5E1F502D0447}"
EndProject
Global
	GlobalSection(SolutionConfigurationPlatforms) = preSolution
		Debug|x86 = Debug|x86
		Release|x86 = Release|x86
	EndGlobalSection
	GlobalSection(ProjectConfigurationPlatforms) = postSolution
		{DF09077C-AE1F-4EFD-9C6F-5E1F502D0447}.Debug|x64.ActiveCfg = Debug|x64
		{DF09077C-AE1F-4EFD-9C6F-5E1F502D0447}.Debug|x64.Build.0 = Debug|x64
		{DF09077C-AE1F-4EFD-9C6F-5E1F502D0447}.Debug|x86.ActiveCfg = Debug|Win32
		{DF09077C-AE1F-4EFD-9C6F-5E1F502D0447}.Debug|x86.Build.0 = Debug|Win32
		{DF09077C-AE1F-4EFD-9C6F-5E1F502D0447}.Release|x64.ActiveCfg = Release|x64
		{DF09077C-AE1F-4EFD-9C6F-5E1F502D0447}.Release|x64.Build.0 = Release|x64
		{DF09077C-AE1F-4EFD-9C6F-5E1F502D0447}.Release|x86.ActiveCfg = Release|Win32
		{DF09077C-AE1F-4EFD-9C6F-5E1F502D0447}.Release|x86.Build.0 = Release|Win32
	EndGlobalSection
	GlobalSection(SolutionProperties) = preSolution
		HideSolutionNode = FALSE
	EndGlobalSection
	GlobalSection(ExtensibilityGlobals) = postSolution
		SolutionGuid = {CD22FBF7-6EF3-47AE-BE50-10C5DD748537}
	EndGlobalSection
EndGlobal
